// !$*UTF8*$!
{
	archiveVersion = 1;
	classes = {
	};
	objectVersion = 46;
	objects = {

/* Begin PBXBuildFile section */
		165786C716D711C800FD8F24 /* UIKit.framework in Frameworks */ = {isa = PBXBuildFile; fileRef = 165786C616D711C800FD8F24 /* UIKit.framework */; };
		165786C916D711C800FD8F24 /* Foundation.framework in Frameworks */ = {isa = PBXBuildFile; fileRef = 165786C816D711C800FD8F24 /* Foundation.framework */; };
		165786CB16D711C800FD8F24 /* CoreGraphics.framework in Frameworks */ = {isa = PBXBuildFile; fileRef = 165786CA16D711C800FD8F24 /* CoreGraphics.framework */; };
		165786D116D711C800FD8F24 /* InfoPlist.strings in Resources */ = {isa = PBXBuildFile; fileRef = 165786CF16D711C800FD8F24 /* InfoPlist.strings */; };
		165786D316D711C800FD8F24 /* main.m in Sources */ = {isa = PBXBuildFile; fileRef = 165786D216D711C800FD8F24 /* main.m */; };
		165786D716D711C800FD8F24 /* floodAppDelegate.m in Sources */ = {isa = PBXBuildFile; fileRef = 165786D616D711C800FD8F24 /* floodAppDelegate.m */; };
		165786D916D711C800FD8F24 /* Default.png in Resources */ = {isa = PBXBuildFile; fileRef = 165786D816D711C800FD8F24 /* Default.png */; };
		165786DB16D711C800FD8F24 /* Default@2x.png in Resources */ = {isa = PBXBuildFile; fileRef = 165786DA16D711C800FD8F24 /* Default@2x.png */; };
		165786DD16D711C800FD8F24 /* Default-568h@2x.png in Resources */ = {isa = PBXBuildFile; fileRef = 165786DC16D711C800FD8F24 /* Default-568h@2x.png */; };
		165786E016D711C800FD8F24 /* MainStoryboard.storyboard in Resources */ = {isa = PBXBuildFile; fileRef = 165786DE16D711C800FD8F24 /* MainStoryboard.storyboard */; };
		165786E316D711C800FD8F24 /* floodViewController.m in Sources */ = {isa = PBXBuildFile; fileRef = 165786E216D711C800FD8F24 /* floodViewController.m */; };
/* End PBXBuildFile section */

/* Begin PBXFileReference section */
		165786C316D711C700FD8F24 /* Flood_3.app */ = {isa = PBXFileReference; explicitFileType = wrapper.application; includeInIndex = 0; path = Flood_3.app; sourceTree = BUILT_PRODUCTS_DIR; };
		165786C616D711C800FD8F24 /* UIKit.framework */ = {isa = PBXFileReference; lastKnownFileType = wrapper.framework; name = UIKit.framework; path = System/Library/Frameworks/UIKit.framework; sourceTree = SDKROOT; };
		165786C816D711C800FD8F24 /* Foundation.framework */ = {isa = PBXFileReference; lastKnownFileType = wrapper.framework; name = Foundation.framework; path = System/Library/Frameworks/Foundation.framework; sourceTree = SDKROOT; };
		165786CA16D711C800FD8F24 /* CoreGraphics.framework */ = {isa = PBXFileReference; lastKnownFileType = wrapper.framework; name = CoreGraphics.framework; path = System/Library/Frameworks/CoreGraphics.framework; sourceTree = SDKROOT; };
		165786CE16D711C800FD8F24 /* Flood_3-Info.plist */ = {isa = PBXFileReference; lastKnownFileType = text.plist.xml; path = "Flood_3-Info.plist"; sourceTree = "<group>"; };
		165786D016D711C800FD8F24 /* en */ = {isa = PBXFileReference; lastKnownFileType = text.plist.strings; name = en; path = en.lproj/InfoPlist.strings; sourceTree = "<group>"; };
		165786D216D711C800FD8F24 /* main.m */ = {isa = PBXFileReference; lastKnownFileType = sourcecode.c.objc; path = main.m; sourceTree = "<group>"; };
		165786D416D711C800FD8F24 /* Flood_3-Prefix.pch */ = {isa = PBXFileReference; lastKnownFileType = sourcecode.c.h; path = "Flood_3-Prefix.pch"; sourceTree = "<group>"; };
		165786D516D711C800FD8F24 /* floodAppDelegate.h */ = {isa = PBXFileReference; lastKnownFileType = sourcecode.c.h; path = floodAppDelegate.h; sourceTree = "<group>"; };
		165786D616D711C800FD8F24 /* floodAppDelegate.m */ = {isa = PBXFileReference; lastKnownFileType = sourcecode.c.objc; path = floodAppDelegate.m; sourceTree = "<group>"; };
		165786D816D711C800FD8F24 /* Default.png */ = {isa = PBXFileReference; lastKnownFileType = image.png; path = Default.png; sourceTree = "<group>"; };
		165786DA16D711C800FD8F24 /* Default@2x.png */ = {isa = PBXFileReference; lastKnownFileType = image.png; path = "Default@2x.png"; sourceTree = "<group>"; };
		165786DC16D711C800FD8F24 /* Default-568h@2x.png */ = {isa = PBXFileReference; lastKnownFileType = image.png; path = "Default-568h@2x.png"; sourceTree = "<group>"; };
		165786DF16D711C800FD8F24 /* en */ = {isa = PBXFileReference; lastKnownFileType = file.storyboard; name = en; path = en.lproj/MainStoryboard.storyboard; sourceTree = "<group>"; };
		165786E116D711C800FD8F24 /* floodViewController.h */ = {isa = PBXFileReference; lastKnownFileType = sourcecode.c.h; path = floodViewController.h; sourceTree = "<group>"; };
		165786E216D711C800FD8F24 /* floodViewController.m */ = {isa = PBXFileReference; lastKnownFileType = sourcecode.c.objc; path = floodViewController.m; sourceTree = "<group>"; };
/* End PBXFileReference section */

/* Begin PBXFrameworksBuildPhase section */
		165786C016D711C700FD8F24 /* Frameworks */ = {
			isa = PBXFrameworksBuildPhase;
			buildActionMask = 2147483647;
			files = (
				165786C716D711C800FD8F24 /* UIKit.framework in Frameworks */,
				165786C916D711C800FD8F24 /* Foundation.framework in Frameworks */,
				165786CB16D711C800FD8F24 /* CoreGraphics.framework in Frameworks */,
			);
			runOnlyForDeploymentPostprocessing = 0;
		};
/* End PBXFrameworksBuildPhase section */

/* Begin PBXGroup section */
		165786BA16D711C700FD8F24 = {
			isa = PBXGroup;
			children = (
				165786CC16D711C800FD8F24 /* Flood_3 */,
				165786C516D711C700FD8F24 /* Frameworks */,
				165786C416D711C700FD8F24 /* Products */,
			);
			sourceTree = "<group>";
		};
		165786C416D711C700FD8F24 /* Products */ = {
			isa = PBXGroup;
			children = (
				165786C316D711C700FD8F24 /* Flood_3.app */,
			);
			name = Products;
			sourceTree = "<group>";
		};
		165786C516D711C700FD8F24 /* Frameworks */ = {
			isa = PBXGroup;
			children = (
				165786C616D711C800FD8F24 /* UIKit.framework */,
				165786C816D711C800FD8F24 /* Foundation.framework */,
				165786CA16D711C800FD8F24 /* CoreGraphics.framework */,
			);
			name = Frameworks;
			sourceTree = "<group>";
		};
		165786CC16D711C800FD8F24 /* Flood_3 */ = {
			isa = PBXGroup;
			children = (
				165786D516D711C800FD8F24 /* floodAppDelegate.h */,
				165786D616D711C800FD8F24 /* floodAppDelegate.m */,
				165786DE16D711C800FD8F24 /* MainStoryboard.storyboard */,
				165786E116D711C800FD8F24 /* floodViewController.h */,
				165786E216D711C800FD8F24 /* floodViewController.m */,
				165786CD16D711C800FD8F24 /* Supporting Files */,
			);
			path = Flood_3;
			sourceTree = "<group>";
		};
		165786CD16D711C800FD8F24 /* Supporting Files */ = {
			isa = PBXGroup;
			children = (
				165786CE16D711C800FD8F24 /* Flood_3-Info.plist */,
				165786CF16D711C800FD8F24 /* InfoPlist.strings */,
				165786D216D711C800FD8F24 /* main.m */,
				165786D416D711C800FD8F24 /* Flood_3-Prefix.pch */,
				165786D816D711C800FD8F24 /* Default.png */,
				165786DA16D711C800FD8F24 /* Default@2x.png */,
				165786DC16D711C800FD8F24 /* Default-568h@2x.png */,
			);
			name = "Supporting Files";
			sourceTree = "<group>";
		};
/* End PBXGroup section */

/* Begin PBXNativeTarget section */
		165786C216D711C700FD8F24 /* Flood_3 */ = {
			isa = PBXNativeTarget;
			buildConfigurationList = 165786E616D711C800FD8F24 /* Build configuration list for PBXNativeTarget "Flood_3" */;
			buildPhases = (
				165786BF16D711C700FD8F24 /* Sources */,
				165786C016D711C700FD8F24 /* Frameworks */,
				165786C116D711C700FD8F24 /* Resources */,
			);
			buildRules = (
			);
			dependencies = (
			);
			name = Flood_3;
			productName = Flood_3;
			productReference = 165786C316D711C700FD8F24 /* Flood_3.app */;
			productType = "com.apple.product-type.application";
		};
/* End PBXNativeTarget section */

/* Begin PBXProject section */
		165786BB16D711C700FD8F24 /* Project object */ = {
			isa = PBXProject;
			attributes = {
				CLASSPREFIX = flood;
				LastUpgradeCheck = 0460;
				ORGANIZATIONNAME = mike;
			};
			buildConfigurationList = 165786BE16D711C700FD8F24 /* Build configuration list for PBXProject "Flood_3" */;
			compatibilityVersion = "Xcode 3.2";
			developmentRegion = English;
			hasScannedForEncodings = 0;
			knownRegions = (
				en,
			);
			mainGroup = 165786BA16D711C700FD8F24;
			productRefGroup = 165786C416D711C700FD8F24 /* Products */;
			projectDirPath = "";
			projectRoot = "";
			targets = (
				165786C216D711C700FD8F24 /* Flood_3 */,
			);
		};
/* End PBXProject section */

/* Begin PBXResourcesBuildPhase section */
		165786C116D711C700FD8F24 /* Resources */ = {
			isa = PBXResourcesBuildPhase;
			buildActionMask = 2147483647;
			files = (
				165786D116D711C800FD8F24 /* InfoPlist.strings in Resources */,
				165786D916D711C800FD8F24 /* Default.png in Resources */,
				165786DB16D711C800FD8F24 /* Default@2x.png in Resources */,
				165786DD16D711C800FD8F24 /* Default-568h@2x.png in Resources */,
				165786E016D711C800FD8F24 /* MainStoryboard.storyboard in Resources */,
			);
			runOnlyForDeploymentPostprocessing = 0;
		};
/* End PBXResourcesBuildPhase section */

/* Begin PBXSourcesBuildPhase section */
		165786BF16D711C700FD8F24 /* Sources */ = {
			isa = PBXSourcesBuildPhase;
			buildActionMask = 2147483647;
			files = (
				165786D316D711C800FD8F24 /* main.m in Sources */,
				165786D716D711C800FD8F24 /* floodAppDelegate.m in Sources */,
				165786E316D711C800FD8F24 /* floodViewController.m in Sources */,
			);
			runOnlyForDeploymentPostprocessing = 0;
		};
/* End PBXSourcesBuildPhase section */

/* Begin PBXVariantGroup section */
		165786CF16D711C800FD8F24 /* InfoPlist.strings */ = {
			isa = PBXVariantGroup;
			children = (
				165786D016D711C800FD8F24 /* en */,
			);
			name = InfoPlist.strings;
			sourceTree = "<group>";
		};
		165786DE16D711C800FD8F24 /* MainStoryboard.storyboard */ = {
			isa = PBXVariantGroup;
			children = (
				165786DF16D711C800FD8F24 /* en */,
			);
			name = MainStoryboard.storyboard;
			sourceTree = "<group>";
		};
/* End PBXVariantGroup section */

/* Begin XCBuildConfiguration section */
		165786E416D711C800FD8F24 /* Debug */ = {
			isa = XCBuildConfiguration;
			buildSettings = {
				ALWAYS_SEARCH_USER_PATHS = NO;
				CLANG_CXX_LANGUAGE_STANDARD = "gnu++0x";
				CLANG_CXX_LIBRARY = "libc++";
				CLANG_ENABLE_OBJC_ARC = YES;
				CLANG_WARN_CONSTANT_CONVERSION = YES;
				CLANG_WARN_EMPTY_BODY = YES;
				CLANG_WARN_ENUM_CONVERSION = YES;
				CLANG_WARN_INT_CONVERSION = YES;
				CLANG_WARN__DUPLICATE_METHOD_MATCH = YES;
				"CODE_SIGN_IDENTITY[sdk=iphoneos*]" = "iPhone Developer";
				COPY_PHASE_STRIP = NO;
				GCC_C_LANGUAGE_STANDARD = gnu99;
				GCC_DYNAMIC_NO_PIC = NO;
				GCC_OPTIMIZATION_LEVEL = 0;
				GCC_PREPROCESSOR_DEFINITIONS = (
					"DEBUG=1",
					"$(inherited)",
				);
				GCC_SYMBOLS_PRIVATE_EXTERN = NO;
				GCC_WARN_ABOUT_RETURN_TYPE = YES;
				GCC_WARN_UNINITIALIZED_AUTOS = YES;
				GCC_WARN_UNUSED_VARIABLE = YES;
				IPHONEOS_DEPLOYMENT_TARGET = 6.1;
				ONLY_ACTIVE_ARCH = YES;
				SDKROOT = iphoneos;
			};
			name = Debug;
		};
		165786E516D711C800FD8F24 /* Release */ = {
			isa = XCBuildConfiguration;
			buildSettings = {
				ALWAYS_SEARCH_USER_PATHS = NO;
				CLANG_CXX_LANGUAGE_STANDARD = "gnu++0x";
				CLANG_CXX_LIBRARY = "libc++";
				CLANG_ENABLE_OBJC_ARC = YES;
				CLANG_WARN_CONSTANT_CONVERSION = YES;
				CLANG_WARN_EMPTY_BODY = YES;
				CLANG_WARN_ENUM_CONVERSION = YES;
				CLANG_WARN_INT_CONVERSION = YES;
				CLANG_WARN__DUPLICATE_METHOD_MATCH = YES;
				"CODE_SIGN_IDENTITY[sdk=iphoneos*]" = "iPhone Developer";
				COPY_PHASE_STRIP = YES;
				GCC_C_LANGUAGE_STANDARD = gnu99;
				GCC_WARN_ABOUT_RETURN_TYPE = YES;
				GCC_WARN_UNINITIALIZED_AUTOS = YES;
				GCC_WARN_UNUSED_VARIABLE = YES;
				IPHONEOS_DEPLOYMENT_TARGET = 6.1;
				OTHER_CFLAGS = "-DNS_BLOCK_ASSERTIONS=1";
				SDKROOT = iphoneos;
				VALIDATE_PRODUCT = YES;
			};
			name = Release;
		};
		165786E716D711C800FD8F24 /* Debug */ = {
			isa = XCBuildConfiguration;
			buildSettings = {
				GCC_PRECOMPILE_PREFIX_HEADER = YES;
				GCC_PREFIX_HEADER = "Flood_3/Flood_3-Prefix.pch";
				INFOPLIST_FILE = "Flood_3/Flood_3-Info.plist";
				PRODUCT_NAME = "$(TARGET_NAME)";
				WRAPPER_EXTENSION = app;
			};
			name = Debug;
		};
		165786E816D711C800FD8F24 /* Release */ = {
			isa = XCBuildConfiguration;
			buildSettings = {
				GCC_PRECOMPILE_PREFIX_HEADER = YES;
				GCC_PREFIX_HEADER = "Flood_3/Flood_3-Prefix.pch";
				INFOPLIST_FILE = "Flood_3/Flood_3-Info.plist";
				PRODUCT_NAME = "$(TARGET_NAME)";
				WRAPPER_EXTENSION = app;
			};
			name = Release;
		};
/* End XCBuildConfiguration section */

/* Begin XCConfigurationList section */
		165786BE16D711C700FD8F24 /* Build configuration list for PBXProject "Flood_3" */ = {
			isa = XCConfigurationList;
			buildConfigurations = (
				165786E416D711C800FD8F24 /* Debug */,
				165786E516D711C800FD8F24 /* Release */,
			);
			defaultConfigurationIsVisible = 0;
			defaultConfigurationName = Release;
		};
		165786E616D711C800FD8F24 /* Build configuration list for PBXNativeTarget "Flood_3" */ = {
			isa = XCConfigurationList;
			buildConfigurations = (
				165786E716D711C800FD8F24 /* Debug */,
				165786E816D711C800FD8F24 /* Release */,
			);
			defaultConfigurationIsVisible = 0;
		};
/* End XCConfigurationList section */
	};
	rootObject = 165786BB16D711C700FD8F24 /* Project object */;
}
